
Microsoft Visual Studio Solution File, Format Version 12.00
# Visual Studio 15
VisualStudioVersion = 15.0.28307.1169
MinimumVisualStudioVersion = 10.0.40219.1
Project("{8BC9CEB8-8B4A-11D0-8D11-00A0C91BC942}") = "api-hooking", "api-hooking\api-hooking.vcxproj", "{77545EC7-B055-44D7-AEC2-40CA7184461B}"
EndProject
Project("{8BC9CEB8-8B4A-11D0-8D11-00A0C91BC942}") = "main-proj", "main-proj\main-proj.vcxproj", "{943A3303-3C6A-494B-B53D-92BB980272DD}"
EndProject
Project("{8BC9CEB8-8B4A-11D0-8D11-00A0C91BC942}") = "DXHook", "DXHook\DXHook.vcxproj", "{B821AD6A-970E-4F92-99D3-DFAD6B2FAECD}"
EndProject
Project("{8BC9CEB8-8B4A-11D0-8D11-00A0C91BC942}") = "allmodulelist", "allmodulelist\allmodulelist.vcxproj", "{71C9EA8D-D4B0-438F-B6F7-B3CA3FC3ED3C}"
EndProject
Project("{8BC9CEB8-8B4A-11D0-8D11-00A0C91BC942}") = "seh-cpp-exception", "seh-cpp-exception\seh-cpp-exception.vcxproj", "{A96E387F-2EA6-4502-8F34-CF6BE344DB16}"
EndProject
Project("{8BC9CEB8-8B4A-11D0-8D11-00A0C91BC942}") = "inject-hook", "inject-dll\inject-dll.vcxproj", "{46577504-38E4-4EB3-9861-C518EE4B043D}"
EndProject
Project("{8BC9CEB8-8B4A-11D0-8D11-00A0C91BC942}") = "seh-cpp-exception-win", "seh-cpp-exception-win\seh-cpp-exception-win.vcxproj", "{87A3DFA7-C3FE-433A-86DA-523BAD791E2B}"
EndProject
Project("{8BC9CEB8-8B4A-11D0-8D11-00A0C91BC942}") = "pure-console", "pure-console\pure-console.vcxproj", "{E73FC116-6253-4C32-96DA-FE6474D174E5}"
EndProject
Project("{8BC9CEB8-8B4A-11D0-8D11-00A0C91BC942}") = "intel-asm", "intel-asm\intel-asm.vcxproj", "{D330A702-31E0-4E5A-9893-011556119E81}"
EndProject
Project("{8BC9CEB8-8B4A-11D0-8D11-00A0C91BC942}") = "recursivecall", "recursivecall\recursivecall.vcxproj", "{95541DBF-3D95-4A53-85FE-21F9B03548D9}"
EndProject
Project("{8BC9CEB8-8B4A-11D0-8D11-00A0C91BC942}") = "crashpad_test", "crashpad_test\crashpad_test.vcxproj", "{A72FCE79-9B9E-409C-A2FE-A335063B3B8D}"
EndProject
Project("{8BC9CEB8-8B4A-11D0-8D11-00A0C91BC942}") = "memcolloection", "memcolloection\memcolloection.vcxproj", "{9FCEC50B-37C3-4077-95C6-1A1929C7B9C4}"
EndProject
Project("{8BC9CEB8-8B4A-11D0-8D11-00A0C91BC942}") = "cpu+mem", "cpu+mem\cpu+mem.vcxproj", "{9CF86CE4-A9EF-4625-8C27-BD3C6F91FCE1}"
EndProject
Project("{8BC9CEB8-8B4A-11D0-8D11-00A0C91BC942}") = "wmi-info", "wmi-info\wmi-info.vcxproj", "{BE69D346-4E9F-4643-81A2-3A3436016665}"
EndProject
Project("{8BC9CEB8-8B4A-11D0-8D11-00A0C91BC942}") = "dx9demo", "dx9demo\dx9demo.vcxproj", "{CDF16664-AD10-4EC5-ACF6-52FEAEA371C9}"
EndProject
Project("{8BC9CEB8-8B4A-11D0-8D11-00A0C91BC942}") = "d3d9driver", "d3d9driver\d3d9driver.vcxproj", "{F2673811-6A26-40DA-B9BB-6A8F2B0CDD5B}"
EndProject
Project("{8BC9CEB8-8B4A-11D0-8D11-00A0C91BC942}") = "window-list", "window-list\window-list.vcxproj", "{CAC492CE-3904-41C5-846F-EB277B87866B}"
EndProject
Project("{8BC9CEB8-8B4A-11D0-8D11-00A0C91BC942}") = "WindowsProject1", "WindowsProject1\WindowsProject1.vcxproj", "{FC26C762-2EB6-4464-A083-B4E1729F0354}"
EndProject
Project("{8BC9CEB8-8B4A-11D0-8D11-00A0C91BC942}") = "DirectX11Sample", "DirectX11Sample\DirectX11Sample.vcxproj", "{0E98956D-0BE3-452C-947B-ECD0A7DDDFC1}"
EndProject
Project("{8BC9CEB8-8B4A-11D0-8D11-00A0C91BC942}") = "cpu", "cpu\cpu.vcxproj", "{007CDF92-E222-4D59-8567-AC045F609CC5}"
EndProject
Project("{8BC9CEB8-8B4A-11D0-8D11-00A0C91BC942}") = "smart_pointer", "smart_pointer\smart_pointer.vcxproj", "{BE301EF7-CDF0-4259-B8EF-CA99AFA93961}"
EndProject
Project("{8BC9CEB8-8B4A-11D0-8D11-00A0C91BC942}") = "__cpuid", "__cpuid\__cpuid.vcxproj", "{D392D845-2BD4-4292-8411-1AB3B7683FC7}"
EndProject
Project("{8BC9CEB8-8B4A-11D0-8D11-00A0C91BC942}") = "cpp_test", "cpp_test\cpp_test.vcxproj", "{B784F111-964A-4C01-BD7D-BF9690C43889}"
EndProject
Project("{8BC9CEB8-8B4A-11D0-8D11-00A0C91BC942}") = "dshow_cap", "dshow_cap\dshow_cap.vcxproj", "{BA5BA780-5E6D-4CCF-AA7A-48E1C148400A}"
EndProject
Project("{8BC9CEB8-8B4A-11D0-8D11-00A0C91BC942}") = "ppt_page_fetch", "ppt_page_fetch\ppt_page_fetch.vcxproj", "{45F54D1C-4CAB-4C36-B0F2-36D678E49A1F}"
EndProject
Project("{8BC9CEB8-8B4A-11D0-8D11-00A0C91BC942}") = "winrt-auth", "winrt-auth\winrt-auth.vcxproj", "{BAD8749D-8FE5-4AE1-88D2-4BD0CF2D10C5}"
EndProject
Project("{8BC9CEB8-8B4A-11D0-8D11-00A0C91BC942}") = "tasktimer", "tasktimer\tasktimer.vcxproj", "{AED589EE-F6F3-40F9-96FB-C98262DC461E}"
EndProject
Project("{8BC9CEB8-8B4A-11D0-8D11-00A0C91BC942}") = "window_on_pt", "window_on_pt\window_on_pt.vcxproj", "{6F0A84CD-1CD7-4435-A40D-F301ED15BB55}"
EndProject
Project("{8BC9CEB8-8B4A-11D0-8D11-00A0C91BC942}") = "dshow-cap-by-grab", "dshow-cap-by-grab\dshow-cap-by-grab.vcxproj", "{6B68F3D0-6595-47C0-94C6-98367E8CCC88}"
EndProject
Project("{8BC9CEB8-8B4A-11D0-8D11-00A0C91BC942}") = "WindowStyleModifier", "WindowStyleModifier\WindowStyleModifier.vcxproj", "{402D4ED7-D2DA-454A-9854-40A7DAE0EC67}"
EndProject
Project("{8BC9CEB8-8B4A-11D0-8D11-00A0C91BC942}") = "cpuid", "cpuid\cpuid.vcxproj", "{FE11BCB9-EE59-42A7-97AC-D0427CF4FFDC}"
EndProject
Global
	GlobalSection(SolutionConfigurationPlatforms) = preSolution
		Debug|x64 = Debug|x64
		Debug|x86 = Debug|x86
		Release|x64 = Release|x64
		Release|x86 = Release|x86
	EndGlobalSection
	GlobalSection(ProjectConfigurationPlatforms) = postSolution
		{77545EC7-B055-44D7-AEC2-40CA7184461B}.Debug|x64.ActiveCfg = Debug|x64
		{77545EC7-B055-44D7-AEC2-40CA7184461B}.Debug|x64.Build.0 = Debug|x64
		{77545EC7-B055-44D7-AEC2-40CA7184461B}.Debug|x86.ActiveCfg = Debug|Win32
		{77545EC7-B055-44D7-AEC2-40CA7184461B}.Debug|x86.Build.0 = Debug|Win32
		{77545EC7-B055-44D7-AEC2-40CA7184461B}.Release|x64.ActiveCfg = Release|x64
		{77545EC7-B055-44D7-AEC2-40CA7184461B}.Release|x64.Build.0 = Release|x64
		{77545EC7-B055-44D7-AEC2-40CA7184461B}.Release|x86.ActiveCfg = Release|Win32
		{77545EC7-B055-44D7-AEC2-40CA7184461B}.Release|x86.Build.0 = Release|Win32
		{943A3303-3C6A-494B-B53D-92BB980272DD}.Debug|x64.ActiveCfg = Debug|x64
		{943A3303-3C6A-494B-B53D-92BB980272DD}.Debug|x64.Build.0 = Debug|x64
		{943A3303-3C6A-494B-B53D-92BB980272DD}.Debug|x86.ActiveCfg = Debug|Win32
		{943A3303-3C6A-494B-B53D-92BB980272DD}.Debug|x86.Build.0 = Debug|Win32
		{943A3303-3C6A-494B-B53D-92BB980272DD}.Release|x64.ActiveCfg = Release|x64
		{943A3303-3C6A-494B-B53D-92BB980272DD}.Release|x64.Build.0 = Release|x64
		{943A3303-3C6A-494B-B53D-92BB980272DD}.Release|x86.ActiveCfg = Release|Win32
		{943A3303-3C6A-494B-B53D-92BB980272DD}.Release|x86.Build.0 = Release|Win32
		{B821AD6A-970E-4F92-99D3-DFAD6B2FAECD}.Debug|x64.ActiveCfg = Debug|x64
		{B821AD6A-970E-4F92-99D3-DFAD6B2FAECD}.Debug|x64.Build.0 = Debug|x64
		{B821AD6A-970E-4F92-99D3-DFAD6B2FAECD}.Debug|x86.ActiveCfg = Debug|Win32
		{B821AD6A-970E-4F92-99D3-DFAD6B2FAECD}.Debug|x86.Build.0 = Debug|Win32
		{B821AD6A-970E-4F92-99D3-DFAD6B2FAECD}.Release|x64.ActiveCfg = Release|x64
		{B821AD6A-970E-4F92-99D3-DFAD6B2FAECD}.Release|x64.Build.0 = Release|x64
		{B821AD6A-970E-4F92-99D3-DFAD6B2FAECD}.Release|x86.ActiveCfg = Release|Win32
		{B821AD6A-970E-4F92-99D3-DFAD6B2FAECD}.Release|x86.Build.0 = Release|Win32
		{71C9EA8D-D4B0-438F-B6F7-B3CA3FC3ED3C}.Debug|x64.ActiveCfg = Debug|x64
		{71C9EA8D-D4B0-438F-B6F7-B3CA3FC3ED3C}.Debug|x64.Build.0 = Debug|x64
		{71C9EA8D-D4B0-438F-B6F7-B3CA3FC3ED3C}.Debug|x86.ActiveCfg = Debug|Win32
		{71C9EA8D-D4B0-438F-B6F7-B3CA3FC3ED3C}.Debug|x86.Build.0 = Debug|Win32
		{71C9EA8D-D4B0-438F-B6F7-B3CA3FC3ED3C}.Release|x64.ActiveCfg = Release|x64
		{71C9EA8D-D4B0-438F-B6F7-B3CA3FC3ED3C}.Release|x64.Build.0 = Release|x64
		{71C9EA8D-D4B0-438F-B6F7-B3CA3FC3ED3C}.Release|x86.ActiveCfg = Release|Win32
		{71C9EA8D-D4B0-438F-B6F7-B3CA3FC3ED3C}.Release|x86.Build.0 = Release|Win32
		{A96E387F-2EA6-4502-8F34-CF6BE344DB16}.Debug|x64.ActiveCfg = Debug|x64
		{A96E387F-2EA6-4502-8F34-CF6BE344DB16}.Debug|x64.Build.0 = Debug|x64
		{A96E387F-2EA6-4502-8F34-CF6BE344DB16}.Debug|x86.ActiveCfg = Debug|Win32
		{A96E387F-2EA6-4502-8F34-CF6BE344DB16}.Debug|x86.Build.0 = Debug|Win32
		{A96E387F-2EA6-4502-8F34-CF6BE344DB16}.Release|x64.ActiveCfg = Release|x64
		{A96E387F-2EA6-4502-8F34-CF6BE344DB16}.Release|x64.Build.0 = Release|x64
		{A96E387F-2EA6-4502-8F34-CF6BE344DB16}.Release|x86.ActiveCfg = Release|Win32
		{A96E387F-2EA6-4502-8F34-CF6BE344DB16}.Release|x86.Build.0 = Release|Win32
		{46577504-38E4-4EB3-9861-C518EE4B043D}.Debug|x64.ActiveCfg = Debug|x64
		{46577504-38E4-4EB3-9861-C518EE4B043D}.Debug|x64.Build.0 = Debug|x64
		{46577504-38E4-4EB3-9861-C518EE4B043D}.Debug|x86.ActiveCfg = Debug|Win32
		{46577504-38E4-4EB3-9861-C518EE4B043D}.Debug|x86.Build.0 = Debug|Win32
		{46577504-38E4-4EB3-9861-C518EE4B043D}.Release|x64.ActiveCfg = Release|x64
		{46577504-38E4-4EB3-9861-C518EE4B043D}.Release|x64.Build.0 = Release|x64
		{46577504-38E4-4EB3-9861-C518EE4B043D}.Release|x86.ActiveCfg = Release|Win32
		{46577504-38E4-4EB3-9861-C518EE4B043D}.Release|x86.Build.0 = Release|Win32
		{87A3DFA7-C3FE-433A-86DA-523BAD791E2B}.Debug|x64.ActiveCfg = Debug|x64
		{87A3DFA7-C3FE-433A-86DA-523BAD791E2B}.Debug|x64.Build.0 = Debug|x64
		{87A3DFA7-C3FE-433A-86DA-523BAD791E2B}.Debug|x86.ActiveCfg = Debug|Win32
		{87A3DFA7-C3FE-433A-86DA-523BAD791E2B}.Debug|x86.Build.0 = Debug|Win32
		{87A3DFA7-C3FE-433A-86DA-523BAD791E2B}.Release|x64.ActiveCfg = Release|x64
		{87A3DFA7-C3FE-433A-86DA-523BAD791E2B}.Release|x64.Build.0 = Release|x64
		{87A3DFA7-C3FE-433A-86DA-523BAD791E2B}.Release|x86.ActiveCfg = Release|Win32
		{87A3DFA7-C3FE-433A-86DA-523BAD791E2B}.Release|x86.Build.0 = Release|Win32
		{E73FC116-6253-4C32-96DA-FE6474D174E5}.Debug|x64.ActiveCfg = Debug|x64
		{E73FC116-6253-4C32-96DA-FE6474D174E5}.Debug|x64.Build.0 = Debug|x64
		{E73FC116-6253-4C32-96DA-FE6474D174E5}.Debug|x86.ActiveCfg = Debug|Win32
		{E73FC116-6253-4C32-96DA-FE6474D174E5}.Debug|x86.Build.0 = Debug|Win32
		{E73FC116-6253-4C32-96DA-FE6474D174E5}.Release|x64.ActiveCfg = Release|x64
		{E73FC116-6253-4C32-96DA-FE6474D174E5}.Release|x64.Build.0 = Release|x64
		{E73FC116-6253-4C32-96DA-FE6474D174E5}.Release|x86.ActiveCfg = Release|Win32
		{E73FC116-6253-4C32-96DA-FE6474D174E5}.Release|x86.Build.0 = Release|Win32
		{D330A702-31E0-4E5A-9893-011556119E81}.Debug|x64.ActiveCfg = Debug|x64
		{D330A702-31E0-4E5A-9893-011556119E81}.Debug|x64.Build.0 = Debug|x64
		{D330A702-31E0-4E5A-9893-011556119E81}.Debug|x86.ActiveCfg = Debug|Win32
		{D330A702-31E0-4E5A-9893-011556119E81}.Debug|x86.Build.0 = Debug|Win32
		{D330A702-31E0-4E5A-9893-011556119E81}.Release|x64.ActiveCfg = Release|x64
		{D330A702-31E0-4E5A-9893-011556119E81}.Release|x64.Build.0 = Release|x64
		{D330A702-31E0-4E5A-9893-011556119E81}.Release|x86.ActiveCfg = Release|Win32
		{D330A702-31E0-4E5A-9893-011556119E81}.Release|x86.Build.0 = Release|Win32
		{95541DBF-3D95-4A53-85FE-21F9B03548D9}.Debug|x64.ActiveCfg = Debug|x64
		{95541DBF-3D95-4A53-85FE-21F9B03548D9}.Debug|x64.Build.0 = Debug|x64
		{95541DBF-3D95-4A53-85FE-21F9B03548D9}.Debug|x86.ActiveCfg = Debug|Win32
		{95541DBF-3D95-4A53-85FE-21F9B03548D9}.Debug|x86.Build.0 = Debug|Win32
		{95541DBF-3D95-4A53-85FE-21F9B03548D9}.Release|x64.ActiveCfg = Release|x64
		{95541DBF-3D95-4A53-85FE-21F9B03548D9}.Release|x64.Build.0 = Release|x64
		{95541DBF-3D95-4A53-85FE-21F9B03548D9}.Release|x86.ActiveCfg = Release|Win32
		{95541DBF-3D95-4A53-85FE-21F9B03548D9}.Release|x86.Build.0 = Release|Win32
		{A72FCE79-9B9E-409C-A2FE-A335063B3B8D}.Debug|x64.ActiveCfg = Debug|x64
		{A72FCE79-9B9E-409C-A2FE-A335063B3B8D}.Debug|x64.Build.0 = Debug|x64
		{A72FCE79-9B9E-409C-A2FE-A335063B3B8D}.Debug|x86.ActiveCfg = Debug|Win32
		{A72FCE79-9B9E-409C-A2FE-A335063B3B8D}.Debug|x86.Build.0 = Debug|Win32
		{A72FCE79-9B9E-409C-A2FE-A335063B3B8D}.Release|x64.ActiveCfg = Release|x64
		{A72FCE79-9B9E-409C-A2FE-A335063B3B8D}.Release|x64.Build.0 = Release|x64
		{A72FCE79-9B9E-409C-A2FE-A335063B3B8D}.Release|x86.ActiveCfg = Release|Win32
		{A72FCE79-9B9E-409C-A2FE-A335063B3B8D}.Release|x86.Build.0 = Release|Win32
		{9FCEC50B-37C3-4077-95C6-1A1929C7B9C4}.Debug|x64.ActiveCfg = Debug|x64
		{9FCEC50B-37C3-4077-95C6-1A1929C7B9C4}.Debug|x64.Build.0 = Debug|x64
		{9FCEC50B-37C3-4077-95C6-1A1929C7B9C4}.Debug|x86.ActiveCfg = Debug|Win32
		{9FCEC50B-37C3-4077-95C6-1A1929C7B9C4}.Debug|x86.Build.0 = Debug|Win32
		{9FCEC50B-37C3-4077-95C6-1A1929C7B9C4}.Release|x64.ActiveCfg = Release|x64
		{9FCEC50B-37C3-4077-95C6-1A1929C7B9C4}.Release|x64.Build.0 = Release|x64
		{9FCEC50B-37C3-4077-95C6-1A1929C7B9C4}.Release|x86.ActiveCfg = Release|Win32
		{9FCEC50B-37C3-4077-95C6-1A1929C7B9C4}.Release|x86.Build.0 = Release|Win32
		{9CF86CE4-A9EF-4625-8C27-BD3C6F91FCE1}.Debug|x64.ActiveCfg = Debug|x64
		{9CF86CE4-A9EF-4625-8C27-BD3C6F91FCE1}.Debug|x64.Build.0 = Debug|x64
		{9CF86CE4-A9EF-4625-8C27-BD3C6F91FCE1}.Debug|x86.ActiveCfg = Debug|Win32
		{9CF86CE4-A9EF-4625-8C27-BD3C6F91FCE1}.Debug|x86.Build.0 = Debug|Win32
		{9CF86CE4-A9EF-4625-8C27-BD3C6F91FCE1}.Release|x64.ActiveCfg = Release|x64
		{9CF86CE4-A9EF-4625-8C27-BD3C6F91FCE1}.Release|x64.Build.0 = Release|x64
		{9CF86CE4-A9EF-4625-8C27-BD3C6F91FCE1}.Release|x86.ActiveCfg = Release|Win32
		{9CF86CE4-A9EF-4625-8C27-BD3C6F91FCE1}.Release|x86.Build.0 = Release|Win32
		{BE69D346-4E9F-4643-81A2-3A3436016665}.Debug|x64.ActiveCfg = Debug|x64
		{BE69D346-4E9F-4643-81A2-3A3436016665}.Debug|x64.Build.0 = Debug|x64
		{BE69D346-4E9F-4643-81A2-3A3436016665}.Debug|x86.ActiveCfg = Debug|Win32
		{BE69D346-4E9F-4643-81A2-3A3436016665}.Debug|x86.Build.0 = Debug|Win32
		{BE69D346-4E9F-4643-81A2-3A3436016665}.Release|x64.ActiveCfg = Release|x64
		{BE69D346-4E9F-4643-81A2-3A3436016665}.Release|x64.Build.0 = Release|x64
		{BE69D346-4E9F-4643-81A2-3A3436016665}.Release|x86.ActiveCfg = Release|Win32
		{BE69D346-4E9F-4643-81A2-3A3436016665}.Release|x86.Build.0 = Release|Win32
		{CDF16664-AD10-4EC5-ACF6-52FEAEA371C9}.Debug|x64.ActiveCfg = Debug|x64
		{CDF16664-AD10-4EC5-ACF6-52FEAEA371C9}.Debug|x64.Build.0 = Debug|x64
		{CDF16664-AD10-4EC5-ACF6-52FEAEA371C9}.Debug|x86.ActiveCfg = Debug|Win32
		{CDF16664-AD10-4EC5-ACF6-52FEAEA371C9}.Debug|x86.Build.0 = Debug|Win32
		{CDF16664-AD10-4EC5-ACF6-52FEAEA371C9}.Release|x64.ActiveCfg = Release|x64
		{CDF16664-AD10-4EC5-ACF6-52FEAEA371C9}.Release|x64.Build.0 = Release|x64
		{CDF16664-AD10-4EC5-ACF6-52FEAEA371C9}.Release|x86.ActiveCfg = Release|Win32
		{CDF16664-AD10-4EC5-ACF6-52FEAEA371C9}.Release|x86.Build.0 = Release|Win32
		{F2673811-6A26-40DA-B9BB-6A8F2B0CDD5B}.Debug|x64.ActiveCfg = Debug|x64
		{F2673811-6A26-40DA-B9BB-6A8F2B0CDD5B}.Debug|x64.Build.0 = Debug|x64
		{F2673811-6A26-40DA-B9BB-6A8F2B0CDD5B}.Debug|x86.ActiveCfg = Debug|Win32
		{F2673811-6A26-40DA-B9BB-6A8F2B0CDD5B}.Debug|x86.Build.0 = Debug|Win32
		{F2673811-6A26-40DA-B9BB-6A8F2B0CDD5B}.Release|x64.ActiveCfg = Release|x64
		{F2673811-6A26-40DA-B9BB-6A8F2B0CDD5B}.Release|x64.Build.0 = Release|x64
		{F2673811-6A26-40DA-B9BB-6A8F2B0CDD5B}.Release|x86.ActiveCfg = Release|Win32
		{F2673811-6A26-40DA-B9BB-6A8F2B0CDD5B}.Release|x86.Build.0 = Release|Win32
		{CAC492CE-3904-41C5-846F-EB277B87866B}.Debug|x64.ActiveCfg = Debug|x64
		{CAC492CE-3904-41C5-846F-EB277B87866B}.Debug|x64.Build.0 = Debug|x64
		{CAC492CE-3904-41C5-846F-EB277B87866B}.Debug|x86.ActiveCfg = Debug|Win32
		{CAC492CE-3904-41C5-846F-EB277B87866B}.Debug|x86.Build.0 = Debug|Win32
		{CAC492CE-3904-41C5-846F-EB277B87866B}.Release|x64.ActiveCfg = Release|x64
		{CAC492CE-3904-41C5-846F-EB277B87866B}.Release|x64.Build.0 = Release|x64
		{CAC492CE-3904-41C5-846F-EB277B87866B}.Release|x86.ActiveCfg = Release|Win32
		{CAC492CE-3904-41C5-846F-EB277B87866B}.Release|x86.Build.0 = Release|Win32
		{FC26C762-2EB6-4464-A083-B4E1729F0354}.Debug|x64.ActiveCfg = Debug|x64
		{FC26C762-2EB6-4464-A083-B4E1729F0354}.Debug|x64.Build.0 = Debug|x64
		{FC26C762-2EB6-4464-A083-B4E1729F0354}.Debug|x86.ActiveCfg = Debug|Win32
		{FC26C762-2EB6-4464-A083-B4E1729F0354}.Debug|x86.Build.0 = Debug|Win32
		{FC26C762-2EB6-4464-A083-B4E1729F0354}.Release|x64.ActiveCfg = Release|x64
		{FC26C762-2EB6-4464-A083-B4E1729F0354}.Release|x64.Build.0 = Release|x64
		{FC26C762-2EB6-4464-A083-B4E1729F0354}.Release|x86.ActiveCfg = Release|Win32
		{FC26C762-2EB6-4464-A083-B4E1729F0354}.Release|x86.Build.0 = Release|Win32
		{0E98956D-0BE3-452C-947B-ECD0A7DDDFC1}.Debug|x64.ActiveCfg = Debug|x64
		{0E98956D-0BE3-452C-947B-ECD0A7DDDFC1}.Debug|x64.Build.0 = Debug|x64
		{0E98956D-0BE3-452C-947B-ECD0A7DDDFC1}.Debug|x86.ActiveCfg = Debug|Win32
		{0E98956D-0BE3-452C-947B-ECD0A7DDDFC1}.Debug|x86.Build.0 = Debug|Win32
		{0E98956D-0BE3-452C-947B-ECD0A7DDDFC1}.Release|x64.ActiveCfg = Release|x64
		{0E98956D-0BE3-452C-947B-ECD0A7DDDFC1}.Release|x64.Build.0 = Release|x64
		{0E98956D-0BE3-452C-947B-ECD0A7DDDFC1}.Release|x86.ActiveCfg = Release|Win32
		{0E98956D-0BE3-452C-947B-ECD0A7DDDFC1}.Release|x86.Build.0 = Release|Win32
		{007CDF92-E222-4D59-8567-AC045F609CC5}.Debug|x64.ActiveCfg = Debug|x64
		{007CDF92-E222-4D59-8567-AC045F609CC5}.Debug|x64.Build.0 = Debug|x64
		{007CDF92-E222-4D59-8567-AC045F609CC5}.Debug|x86.ActiveCfg = Debug|Win32
		{007CDF92-E222-4D59-8567-AC045F609CC5}.Debug|x86.Build.0 = Debug|Win32
		{007CDF92-E222-4D59-8567-AC045F609CC5}.Release|x64.ActiveCfg = Release|x64
		{007CDF92-E222-4D59-8567-AC045F609CC5}.Release|x64.Build.0 = Release|x64
		{007CDF92-E222-4D59-8567-AC045F609CC5}.Release|x86.ActiveCfg = Release|Win32
		{007CDF92-E222-4D59-8567-AC045F609CC5}.Release|x86.Build.0 = Release|Win32
		{BE301EF7-CDF0-4259-B8EF-CA99AFA93961}.Debug|x64.ActiveCfg = Debug|x64
		{BE301EF7-CDF0-4259-B8EF-CA99AFA93961}.Debug|x64.Build.0 = Debug|x64
		{BE301EF7-CDF0-4259-B8EF-CA99AFA93961}.Debug|x86.ActiveCfg = Debug|Win32
		{BE301EF7-CDF0-4259-B8EF-CA99AFA93961}.Debug|x86.Build.0 = Debug|Win32
		{BE301EF7-CDF0-4259-B8EF-CA99AFA93961}.Release|x64.ActiveCfg = Release|x64
		{BE301EF7-CDF0-4259-B8EF-CA99AFA93961}.Release|x64.Build.0 = Release|x64
		{BE301EF7-CDF0-4259-B8EF-CA99AFA93961}.Release|x86.ActiveCfg = Release|Win32
		{BE301EF7-CDF0-4259-B8EF-CA99AFA93961}.Release|x86.Build.0 = Release|Win32
		{D392D845-2BD4-4292-8411-1AB3B7683FC7}.Debug|x64.ActiveCfg = Debug|x64
		{D392D845-2BD4-4292-8411-1AB3B7683FC7}.Debug|x64.Build.0 = Debug|x64
		{D392D845-2BD4-4292-8411-1AB3B7683FC7}.Debug|x86.ActiveCfg = Debug|Win32
		{D392D845-2BD4-4292-8411-1AB3B7683FC7}.Debug|x86.Build.0 = Debug|Win32
		{D392D845-2BD4-4292-8411-1AB3B7683FC7}.Release|x64.ActiveCfg = Release|x64
		{D392D845-2BD4-4292-8411-1AB3B7683FC7}.Release|x64.Build.0 = Release|x64
		{D392D845-2BD4-4292-8411-1AB3B7683FC7}.Release|x86.ActiveCfg = Release|Win32
		{D392D845-2BD4-4292-8411-1AB3B7683FC7}.Release|x86.Build.0 = Release|Win32
		{B784F111-964A-4C01-BD7D-BF9690C43889}.Debug|x64.ActiveCfg = Debug|x64
		{B784F111-964A-4C01-BD7D-BF9690C43889}.Debug|x64.Build.0 = Debug|x64
		{B784F111-964A-4C01-BD7D-BF9690C43889}.Debug|x86.ActiveCfg = Debug|Win32
		{B784F111-964A-4C01-BD7D-BF9690C43889}.Debug|x86.Build.0 = Debug|Win32
		{B784F111-964A-4C01-BD7D-BF9690C43889}.Release|x64.ActiveCfg = Release|x64
		{B784F111-964A-4C01-BD7D-BF9690C43889}.Release|x64.Build.0 = Release|x64
		{B784F111-964A-4C01-BD7D-BF9690C43889}.Release|x86.ActiveCfg = Release|Win32
		{B784F111-964A-4C01-BD7D-BF9690C43889}.Release|x86.Build.0 = Release|Win32
		{BA5BA780-5E6D-4CCF-AA7A-48E1C148400A}.Debug|x64.ActiveCfg = Debug|x64
		{BA5BA780-5E6D-4CCF-AA7A-48E1C148400A}.Debug|x64.Build.0 = Debug|x64
		{BA5BA780-5E6D-4CCF-AA7A-48E1C148400A}.Debug|x86.ActiveCfg = Debug|Win32
		{BA5BA780-5E6D-4CCF-AA7A-48E1C148400A}.Debug|x86.Build.0 = Debug|Win32
		{BA5BA780-5E6D-4CCF-AA7A-48E1C148400A}.Release|x64.ActiveCfg = Release|x64
		{BA5BA780-5E6D-4CCF-AA7A-48E1C148400A}.Release|x64.Build.0 = Release|x64
		{BA5BA780-5E6D-4CCF-AA7A-48E1C148400A}.Release|x86.ActiveCfg = Release|Win32
		{BA5BA780-5E6D-4CCF-AA7A-48E1C148400A}.Release|x86.Build.0 = Release|Win32
		{45F54D1C-4CAB-4C36-B0F2-36D678E49A1F}.Debug|x64.ActiveCfg = Debug|x64
		{45F54D1C-4CAB-4C36-B0F2-36D678E49A1F}.Debug|x64.Build.0 = Debug|x64
		{45F54D1C-4CAB-4C36-B0F2-36D678E49A1F}.Debug|x86.ActiveCfg = Debug|Win32
		{45F54D1C-4CAB-4C36-B0F2-36D678E49A1F}.Debug|x86.Build.0 = Debug|Win32
		{45F54D1C-4CAB-4C36-B0F2-36D678E49A1F}.Release|x64.ActiveCfg = Release|x64
		{45F54D1C-4CAB-4C36-B0F2-36D678E49A1F}.Release|x64.Build.0 = Release|x64
		{45F54D1C-4CAB-4C36-B0F2-36D678E49A1F}.Release|x86.ActiveCfg = Release|Win32
		{45F54D1C-4CAB-4C36-B0F2-36D678E49A1F}.Release|x86.Build.0 = Release|Win32
		{BAD8749D-8FE5-4AE1-88D2-4BD0CF2D10C5}.Debug|x64.ActiveCfg = Debug|x64
		{BAD8749D-8FE5-4AE1-88D2-4BD0CF2D10C5}.Debug|x64.Build.0 = Debug|x64
		{BAD8749D-8FE5-4AE1-88D2-4BD0CF2D10C5}.Debug|x86.ActiveCfg = Debug|Win32
		{BAD8749D-8FE5-4AE1-88D2-4BD0CF2D10C5}.Debug|x86.Build.0 = Debug|Win32
		{BAD8749D-8FE5-4AE1-88D2-4BD0CF2D10C5}.Release|x64.ActiveCfg = Release|x64
		{BAD8749D-8FE5-4AE1-88D2-4BD0CF2D10C5}.Release|x64.Build.0 = Release|x64
		{BAD8749D-8FE5-4AE1-88D2-4BD0CF2D10C5}.Release|x86.ActiveCfg = Release|Win32
		{BAD8749D-8FE5-4AE1-88D2-4BD0CF2D10C5}.Release|x86.Build.0 = Release|Win32
		{AED589EE-F6F3-40F9-96FB-C98262DC461E}.Debug|x64.ActiveCfg = Debug|x64
		{AED589EE-F6F3-40F9-96FB-C98262DC461E}.Debug|x64.Build.0 = Debug|x64
		{AED589EE-F6F3-40F9-96FB-C98262DC461E}.Debug|x86.ActiveCfg = Debug|Win32
		{AED589EE-F6F3-40F9-96FB-C98262DC461E}.Debug|x86.Build.0 = Debug|Win32
		{AED589EE-F6F3-40F9-96FB-C98262DC461E}.Release|x64.ActiveCfg = Release|x64
		{AED589EE-F6F3-40F9-96FB-C98262DC461E}.Release|x64.Build.0 = Release|x64
		{AED589EE-F6F3-40F9-96FB-C98262DC461E}.Release|x86.ActiveCfg = Release|Win32
		{AED589EE-F6F3-40F9-96FB-C98262DC461E}.Release|x86.Build.0 = Release|Win32
		{6F0A84CD-1CD7-4435-A40D-F301ED15BB55}.Debug|x64.ActiveCfg = Debug|x64
		{6F0A84CD-1CD7-4435-A40D-F301ED15BB55}.Debug|x64.Build.0 = Debug|x64
		{6F0A84CD-1CD7-4435-A40D-F301ED15BB55}.Debug|x86.ActiveCfg = Debug|Win32
		{6F0A84CD-1CD7-4435-A40D-F301ED15BB55}.Debug|x86.Build.0 = Debug|Win32
		{6F0A84CD-1CD7-4435-A40D-F301ED15BB55}.Release|x64.ActiveCfg = Release|x64
		{6F0A84CD-1CD7-4435-A40D-F301ED15BB55}.Release|x64.Build.0 = Release|x64
		{6F0A84CD-1CD7-4435-A40D-F301ED15BB55}.Release|x86.ActiveCfg = Release|Win32
		{6F0A84CD-1CD7-4435-A40D-F301ED15BB55}.Release|x86.Build.0 = Release|Win32
		{6B68F3D0-6595-47C0-94C6-98367E8CCC88}.Debug|x64.ActiveCfg = Debug|x64
		{6B68F3D0-6595-47C0-94C6-98367E8CCC88}.Debug|x64.Build.0 = Debug|x64
		{6B68F3D0-6595-47C0-94C6-98367E8CCC88}.Debug|x86.ActiveCfg = Debug|Win32
		{6B68F3D0-6595-47C0-94C6-98367E8CCC88}.Debug|x86.Build.0 = Debug|Win32
		{6B68F3D0-6595-47C0-94C6-98367E8CCC88}.Release|x64.ActiveCfg = Release|x64
		{6B68F3D0-6595-47C0-94C6-98367E8CCC88}.Release|x64.Build.0 = Release|x64
		{6B68F3D0-6595-47C0-94C6-98367E8CCC88}.Release|x86.ActiveCfg = Release|Win32
		{6B68F3D0-6595-47C0-94C6-98367E8CCC88}.Release|x86.Build.0 = Release|Win32
		{402D4ED7-D2DA-454A-9854-40A7DAE0EC67}.Debug|x64.ActiveCfg = Debug|x64
		{402D4ED7-D2DA-454A-9854-40A7DAE0EC67}.Debug|x64.Build.0 = Debug|x64
		{402D4ED7-D2DA-454A-9854-40A7DAE0EC67}.Debug|x86.ActiveCfg = Debug|Win32
		{402D4ED7-D2DA-454A-9854-40A7DAE0EC67}.Debug|x86.Build.0 = Debug|Win32
		{402D4ED7-D2DA-454A-9854-40A7DAE0EC67}.Release|x64.ActiveCfg = Release|x64
		{402D4ED7-D2DA-454A-9854-40A7DAE0EC67}.Release|x64.Build.0 = Release|x64
		{402D4ED7-D2DA-454A-9854-40A7DAE0EC67}.Release|x86.ActiveCfg = Release|Win32
		{402D4ED7-D2DA-454A-9854-40A7DAE0EC67}.Release|x86.Build.0 = Release|Win32
		{FE11BCB9-EE59-42A7-97AC-D0427CF4FFDC}.Debug|x64.ActiveCfg = Debug|x64
		{FE11BCB9-EE59-42A7-97AC-D0427CF4FFDC}.Debug|x64.Build.0 = Debug|x64
		{FE11BCB9-EE59-42A7-97AC-D0427CF4FFDC}.Debug|x86.ActiveCfg = Debug|Win32
		{FE11BCB9-EE59-42A7-97AC-D0427CF4FFDC}.Debug|x86.Build.0 = Debug|Win32
		{FE11BCB9-EE59-42A7-97AC-D0427CF4FFDC}.Release|x64.ActiveCfg = Release|x64
		{FE11BCB9-EE59-42A7-97AC-D0427CF4FFDC}.Release|x64.Build.0 = Release|x64
		{FE11BCB9-EE59-42A7-97AC-D0427CF4FFDC}.Release|x86.ActiveCfg = Release|Win32
		{FE11BCB9-EE59-42A7-97AC-D0427CF4FFDC}.Release|x86.Build.0 = Release|Win32
	EndGlobalSection
	GlobalSection(SolutionProperties) = preSolution
		HideSolutionNode = FALSE
	EndGlobalSection
	GlobalSection(ExtensibilityGlobals) = postSolution
		SolutionGuid = {A2FCF3D5-4364-4E9E-B286-4809D8CBEB24}
	EndGlobalSection
EndGlobal
