<?xml version="1.0" encoding="utf-8"?>
<Project ToolsVersion="4.0" xmlns="http://schemas.microsoft.com/developer/msbuild/2003">
  <ItemGroup>
    <Filter Include="Header Files">
      <UniqueIdentifier>{93995380-89BD-4b04-88EB-625FBE52EBFB}</UniqueIdentifier>
      <Extensions>h;hh;hpp;hxx;hm;inl;inc;ipp;xsd</Extensions>
    </Filter>
    <Filter Include="Shader">
      <UniqueIdentifier>{552a772d-48e5-4495-aacc-14d3d31e3de0}</UniqueIdentifier>
    </Filter>
    <Filter Include="dxerr">
      <UniqueIdentifier>{1255c4bd-aeca-4fb0-8d56-cf3e03f60b51}</UniqueIdentifier>
    </Filter>
    <Filter Include="src">
      <UniqueIdentifier>{57144fcd-c52c-4c7a-8a98-a8f54c7601ef}</UniqueIdentifier>
    </Filter>
    <Filter Include="Resource">
      <UniqueIdentifier>{67DA6AB6-F800-4c08-8B7A-83BB121AAD01}</UniqueIdentifier>
      <Extensions>rc;ico;cur;bmp;dlg;rc2;rct;bin;rgs;gif;jpg;jpeg;jpe;resx;tiff;tif;png;wav;mfcribbon-ms</Extensions>
    </Filter>
    <Filter Include="util">
      <UniqueIdentifier>{e94b57cc-8205-4290-83d7-9840fc0205fe}</UniqueIdentifier>
    </Filter>
  </ItemGroup>
  <ItemGroup>
    <ClInclude Include="framework.h">
      <Filter>Header Files</Filter>
    </ClInclude>
    <ClInclude Include="targetver.h">
      <Filter>Header Files</Filter>
    </ClInclude>
    <ClInclude Include="Resource.h">
      <Filter>Header Files</Filter>
    </ClInclude>
    <ClInclude Include="dxerr\dxerr.h">
      <Filter>dxerr</Filter>
    </ClInclude>
    <ClInclude Include="src\Dx11.h">
      <Filter>src</Filter>
    </ClInclude>
    <ClInclude Include="src\DxCubeRenderWnd.h">
      <Filter>src</Filter>
    </ClInclude>
    <ClInclude Include="src\DxRenderWnd.h">
      <Filter>src</Filter>
    </ClInclude>
    <ClInclude Include="src\RenderWnd.h">
      <Filter>src</Filter>
    </ClInclude>
    <ClInclude Include="util\DxPtr.h">
      <Filter>util</Filter>
    </ClInclude>
    <ClInclude Include="util\DxUtil.h">
      <Filter>util</Filter>
    </ClInclude>
    <ClInclude Include="src\DxCubeRenderWndWithLights.h">
      <Filter>src</Filter>
    </ClInclude>
    <ClInclude Include="src\DxCubeRenderWndWithTexture.h">
      <Filter>src</Filter>
    </ClInclude>
    <ClInclude Include="util\ReadData.h">
      <Filter>util</Filter>
    </ClInclude>
  </ItemGroup>
  <ItemGroup>
    <ClCompile Include="dxerr\dxerr.cpp">
      <Filter>dxerr</Filter>
    </ClCompile>
    <ClCompile Include="src\Dx11.cpp">
      <Filter>src</Filter>
    </ClCompile>
    <ClCompile Include="src\DxCubeRenderWnd.cpp">
      <Filter>src</Filter>
    </ClCompile>
    <ClCompile Include="src\DxRenderWnd.cpp">
      <Filter>src</Filter>
    </ClCompile>
    <ClCompile Include="src\RenderWnd.cpp">
      <Filter>src</Filter>
    </ClCompile>
    <ClCompile Include="util\DxUtil.cpp">
      <Filter>util</Filter>
    </ClCompile>
    <ClCompile Include="src\DxCubeRenderWndWithLights.cpp">
      <Filter>src</Filter>
    </ClCompile>
    <ClCompile Include="src\DxCubeRenderWndWithTexture.cpp">
      <Filter>src</Filter>
    </ClCompile>
  </ItemGroup>
  <ItemGroup>
    <ResourceCompile Include="Dx11.rc">
      <Filter>Resource</Filter>
    </ResourceCompile>
  </ItemGroup>
  <ItemGroup>
    <Image Include="small.ico">
      <Filter>Resource</Filter>
    </Image>
    <Image Include="Dx11.ico">
      <Filter>Resource</Filter>
    </Image>
  </ItemGroup>
  <ItemGroup>
    <None Include="packages.config" />
  </ItemGroup>
  <ItemGroup>
    <FxCompile Include="shader\cube.hlsl">
      <Filter>Shader</Filter>
    </FxCompile>
    <FxCompile Include="shader\cube_with_light.hlsl">
      <Filter>Shader</Filter>
    </FxCompile>
    <FxCompile Include="shader\cube_with_texture.hlsl">
      <Filter>Shader</Filter>
    </FxCompile>
    <FxCompile Include="shader\pixel_shader.hlsl">
      <Filter>Shader</Filter>
    </FxCompile>
    <FxCompile Include="shader\vertex_shader.hlsl">
      <Filter>Shader</Filter>
    </FxCompile>
  </ItemGroup>
</Project>